
Microsoft Visual Studio Solution File, Format Version 12.00
# Visual Studio Version 17
VisualStudioVersion = 17.8.34511.84
MinimumVisualStudioVersion = 10.0.40219.1
Project("{FAE04EC0-301F-11D3-BF4B-00C04F79EFBC}") = "MauiApp1", "MauiApp1.csproj", "{122991F4-41D2-4BC1-88B5-D00EE0DAC43E}"
EndProject
Global
	GlobalSection(SolutionConfigurationPlatforms) = preSolution
		Debug|Any CPU = Debug|Any CPU
		Release|Any CPU = Release|Any CPU
	EndGlobalSection
	GlobalSection(ProjectConfigurationPlatforms) = postSolution
		{122991F4-41D2-4BC1-88B5-D00EE0DAC43E}.Debug|Any CPU.ActiveCfg = Debug|Any CPU
		{122991F4-41D2-4BC1-88B5-D00EE0DAC43E}.Debug|Any CPU.Build.0 = Debug|Any CPU
		{122991F4-41D2-4BC1-88B5-D00EE0DAC43E}.Debug|Any CPU.Deploy.0 = Debug|Any CPU
		{122991F4-41D2-4BC1-88B5-D00EE0DAC43E}.Release|Any CPU.ActiveCfg = Release|Any CPU
		{122991F4-41D2-4BC1-88B5-D00EE0DAC43E}.Release|Any CPU.Build.0 = Release|Any CPU
		{122991F4-41D2-4BC1-88B5-D00EE0DAC43E}.Release|Any CPU.Deploy.0 = Release|Any CPU
	EndGlobalSection
	GlobalSection(SolutionProperties) = preSolution
		HideSolutionNode = FALSE
	EndGlobalSection
	GlobalSection(ExtensibilityGlobals) = postSolution
		SolutionGuid = {70146468-FCCD-47C9-AB04-9551C98FE7D4}
	EndGlobalSection
EndGlobal
